
Microsoft Visual Studio Solution File, Format Version 12.00
# Visual Studio Version 17
VisualStudioVersion = 17.10.35122.118
MinimumVisualStudioVersion = 10.0.40219.1
Project("{FAE04EC0-301F-11D3-BF4B-00C04F79EFBC}") = "video-summary-api", "video-summary-api.csproj", "{09D1814E-27E4-419C-8586-1B7FDCF945C7}"
EndProject
Global
	GlobalSection(SolutionConfigurationPlatforms) = preSolution
		Debug|Any CPU = Debug|Any CPU
		Release|Any CPU = Release|Any CPU
	EndGlobalSection
	GlobalSection(ProjectConfigurationPlatforms) = postSolution
		{09D1814E-27E4-419C-8586-1B7FDCF945C7}.Debug|Any CPU.ActiveCfg = Debug|Any CPU
		{09D1814E-27E4-419C-8586-1B7FDCF945C7}.Debug|Any CPU.Build.0 = Debug|Any CPU
		{09D1814E-27E4-419C-8586-1B7FDCF945C7}.Release|Any CPU.ActiveCfg = Release|Any CPU
		{09D1814E-27E4-419C-8586-1B7FDCF945C7}.Release|Any CPU.Build.0 = Release|Any CPU
	EndGlobalSection
	GlobalSection(SolutionProperties) = preSolution
		HideSolutionNode = FALSE
	EndGlobalSection
	GlobalSection(ExtensibilityGlobals) = postSolution
		SolutionGuid = {22C4ED5C-68F2-43D9-87DA-A9455672B744}
	EndGlobalSection
EndGlobal
